
Microsoft Visual Studio Solution File, Format Version 12.00
# Visual Studio Version 16
VisualStudioVersion = 16.0.30503.244
MinimumVisualStudioVersion = 10.0.40219.1
Project("{FAE04EC0-301F-11D3-BF4B-00C04F79EFBC}") = "OpenIddictPasswordTest", "OpenIddictPasswordTest\OpenIddictPasswordTest.csproj", "{87D5BE29-F2AA-4BDB-9FCD-D59FA3BC05C4}"
EndProject
Project("{FAE04EC0-301F-11D3-BF4B-00C04F79EFBC}") = "OpenIddictTests", "OpenIddictTests\OpenIddictTests.csproj", "{6ACFDD42-AC01-4F39-AF72-6FC7BFAB1F91}"
EndProject
Global
	GlobalSection(SolutionConfigurationPlatforms) = preSolution
		Debug|Any CPU = Debug|Any CPU
		Release|Any CPU = Release|Any CPU
	EndGlobalSection
	GlobalSection(ProjectConfigurationPlatforms) = postSolution
		{87D5BE29-F2AA-4BDB-9FCD-D59FA3BC05C4}.Debug|Any CPU.ActiveCfg = Debug|Any CPU
		{87D5BE29-F2AA-4BDB-9FCD-D59FA3BC05C4}.Debug|Any CPU.Build.0 = Debug|Any CPU
		{87D5BE29-F2AA-4BDB-9FCD-D59FA3BC05C4}.Release|Any CPU.ActiveCfg = Release|Any CPU
		{87D5BE29-F2AA-4BDB-9FCD-D59FA3BC05C4}.Release|Any CPU.Build.0 = Release|Any CPU
		{6ACFDD42-AC01-4F39-AF72-6FC7BFAB1F91}.Debug|Any CPU.ActiveCfg = Debug|Any CPU
		{6ACFDD42-AC01-4F39-AF72-6FC7BFAB1F91}.Debug|Any CPU.Build.0 = Debug|Any CPU
		{6ACFDD42-AC01-4F39-AF72-6FC7BFAB1F91}.Release|Any CPU.ActiveCfg = Release|Any CPU
		{6ACFDD42-AC01-4F39-AF72-6FC7BFAB1F91}.Release|Any CPU.Build.0 = Release|Any CPU
	EndGlobalSection
	GlobalSection(SolutionProperties) = preSolution
		HideSolutionNode = FALSE
	EndGlobalSection
	GlobalSection(ExtensibilityGlobals) = postSolution
		SolutionGuid = {64FB663E-5928-4A6D-85DB-B10DBF238010}
	EndGlobalSection
EndGlobal
